<?xml version="1.0" encoding="utf-8"?>
<Project ToolsVersion="4.0" xmlns="http://schemas.microsoft.com/developer/msbuild/2003">
  <ItemGroup>
    <Filter Include="Quelldateien">
      <UniqueIdentifier>{4FC737F1-C7A5-4376-A066-2A32D752A2FF}</UniqueIdentifier>
      <Extensions>cpp;c;cc;cxx;def;odl;idl;hpj;bat;asm;asmx</Extensions>
    </Filter>
    <Filter Include="Headerdateien">
      <UniqueIdentifier>{93995380-89BD-4b04-88EB-625FBE52EBFB}</UniqueIdentifier>
      <Extensions>h;hpp;hxx;hm;inl;inc;xsd</Extensions>
    </Filter>
    <Filter Include="Ressourcendateien">
      <UniqueIdentifier>{67DA6AB6-F800-4c08-8B7A-83BB121AAD01}</UniqueIdentifier>
      <Extensions>rc;ico;cur;bmp;dlg;rc2;rct;bin;rgs;gif;jpg;jpeg;jpe;resx;tiff;tif;png;wav;mfcribbon-ms</Extensions>
    </Filter>
    <Filter Include="Headerdateien\Input">
      <UniqueIdentifier>{e34f853b-ef36-4527-914a-8f434b9076a3}</UniqueIdentifier>
    </Filter>
    <Filter Include="Quelldateien\Input">
      <UniqueIdentifier>{f9e1f472-6140-45d0-a396-c46369e299cb}</UniqueIdentifier>
    </Filter>
    <Filter Include="Headerdateien\State">
      <UniqueIdentifier>{0ca910a0-5d71-41f7-a973-656c0c2a4a0a}</UniqueIdentifier>
    </Filter>
    <Filter Include="Quelldateien\State">
      <UniqueIdentifier>{4b3e6290-dc4b-4b06-9041-f2702be0d699}</UniqueIdentifier>
    </Filter>
    <Filter Include="Headerdateien\GUI">
      <UniqueIdentifier>{e9bcac89-e6e5-4d1b-a321-5ca1773af745}</UniqueIdentifier>
    </Filter>
    <Filter Include="Quelldateien\GUI">
      <UniqueIdentifier>{3223c0e4-2a82-4115-b7c6-d84c34a37d37}</UniqueIdentifier>
    </Filter>
    <Filter Include="Headerdateien\Resources">
      <UniqueIdentifier>{79ae4a2c-f5bd-431f-947a-88e67a9d2487}</UniqueIdentifier>
    </Filter>
    <Filter Include="Quelldateien\Resources">
      <UniqueIdentifier>{b83ee0fc-dcdd-4a97-ae43-77cec1dcf37d}</UniqueIdentifier>
    </Filter>
  </ItemGroup>
  <ItemGroup>
    <ClCompile Include="..\source\main.cpp">
      <Filter>Quelldateien</Filter>
    </ClCompile>
    <ClCompile Include="..\source\CGameEngine.cpp">
      <Filter>Quelldateien</Filter>
    </ClCompile>
    <ClCompile Include="..\source\CUI.cpp">
      <Filter>Quelldateien</Filter>
    </ClCompile>
    <ClCompile Include="..\source\CStateMachine.cpp">
      <Filter>Quelldateien</Filter>
    </ClCompile>
    <ClCompile Include="..\source\CCharakter.cpp">
      <Filter>Quelldateien</Filter>
    </ClCompile>
    <ClCompile Include="..\source\CDice.cpp">
      <Filter>Quelldateien</Filter>
    </ClCompile>
    <ClCompile Include="..\source\CDungeonGenerator.cpp">
      <Filter>Quelldateien</Filter>
    </ClCompile>
    <ClCompile Include="..\source\CLogFile.cpp">
      <Filter>Quelldateien</Filter>
    </ClCompile>
    <ClCompile Include="..\source\CManagedFont.cpp">
      <Filter>Quelldateien</Filter>
    </ClCompile>
    <ClCompile Include="..\source\CMapObject.cpp">
      <Filter>Quelldateien</Filter>
    </ClCompile>
    <ClCompile Include="..\source\CMessage.cpp">
      <Filter>Quelldateien</Filter>
    </ClCompile>
    <ClCompile Include="..\source\CMouse.cpp">
      <Filter>Quelldateien</Filter>
    </ClCompile>
    <ClCompile Include="..\source\CRessourcenManager.cpp">
      <Filter>Quelldateien</Filter>
    </ClCompile>
    <ClCompile Include="..\source\CScenegraph.cpp">
      <Filter>Quelldateien</Filter>
    </ClCompile>
    <ClCompile Include="..\source\CSpriteSheet.cpp">
      <Filter>Quelldateien</Filter>
    </ClCompile>
    <ClCompile Include="..\source\CWindowHandle.cpp">
      <Filter>Quelldateien</Filter>
    </ClCompile>
    <ClCompile Include="..\source\Misc.cpp">
      <Filter>Quelldateien</Filter>
    </ClCompile>
    <ClCompile Include="..\source\CMapIso.cpp">
      <Filter>Quelldateien</Filter>
    </ClCompile>
    <ClCompile Include="..\source\App.cpp">
      <Filter>Quelldateien</Filter>
    </ClCompile>
    <ClCompile Include="..\source\Input\Mouse.cpp">
      <Filter>Quelldateien\Input</Filter>
    </ClCompile>
    <ClCompile Include="..\source\Input\Keyboard.cpp">
      <Filter>Quelldateien\Input</Filter>
    </ClCompile>
    <ClCompile Include="..\source\State\State.cpp">
      <Filter>Quelldateien\State</Filter>
    </ClCompile>
    <ClCompile Include="..\source\State\StateManager.cpp">
      <Filter>Quelldateien\State</Filter>
    </ClCompile>
    <ClCompile Include="..\source\GUI\VirtualWindow.cpp">
      <Filter>Quelldateien\GUI</Filter>
    </ClCompile>
  </ItemGroup>
  <ItemGroup>
    <ClInclude Include="..\source\CGameEngine.h">
      <Filter>Headerdateien</Filter>
    </ClInclude>
    <ClInclude Include="..\source\CUI.h">
      <Filter>Headerdateien</Filter>
    </ClInclude>
    <ClInclude Include="..\source\CStateMachine.h">
      <Filter>Headerdateien</Filter>
    </ClInclude>
    <ClInclude Include="..\source\CStack_T.hpp">
      <Filter>Headerdateien</Filter>
    </ClInclude>
    <ClInclude Include="..\source\CWindowHandle.h">
      <Filter>Headerdateien</Filter>
    </ClInclude>
    <ClInclude Include="..\source\Misc.h">
      <Filter>Headerdateien</Filter>
    </ClInclude>
    <ClInclude Include="..\source\CCharakter.h">
      <Filter>Headerdateien</Filter>
    </ClInclude>
    <ClInclude Include="..\source\CDice.h">
      <Filter>Headerdateien</Filter>
    </ClInclude>
    <ClInclude Include="..\source\CDungeonGenerator.h">
      <Filter>Headerdateien</Filter>
    </ClInclude>
    <ClInclude Include="..\source\CList_T.hpp">
      <Filter>Headerdateien</Filter>
    </ClInclude>
    <ClInclude Include="..\source\CLogFile.h">
      <Filter>Headerdateien</Filter>
    </ClInclude>
    <ClInclude Include="..\source\CManagedFont.h">
      <Filter>Headerdateien</Filter>
    </ClInclude>
    <ClInclude Include="..\source\CMapObject.h">
      <Filter>Headerdateien</Filter>
    </ClInclude>
    <ClInclude Include="..\source\CMessage.h">
      <Filter>Headerdateien</Filter>
    </ClInclude>
    <ClInclude Include="..\source\CMouse.h">
      <Filter>Headerdateien</Filter>
    </ClInclude>
    <ClInclude Include="..\source\CRessourcenManager.h">
      <Filter>Headerdateien</Filter>
    </ClInclude>
    <ClInclude Include="..\source\CScenegraph.h">
      <Filter>Headerdateien</Filter>
    </ClInclude>
    <ClInclude Include="..\source\CSpriteSheet.h">
      <Filter>Headerdateien</Filter>
    </ClInclude>
    <ClInclude Include="..\source\CMapIso.h">
      <Filter>Headerdateien</Filter>
    </ClInclude>
    <ClInclude Include="..\source\App.hpp">
      <Filter>Headerdateien</Filter>
    </ClInclude>
    <ClInclude Include="..\source\Input\Mouse.hpp">
      <Filter>Headerdateien\Input</Filter>
    </ClInclude>
    <ClInclude Include="..\source\Input\Keyboard.hpp">
      <Filter>Headerdateien\Input</Filter>
    </ClInclude>
    <ClInclude Include="..\source\State\State.hpp">
      <Filter>Headerdateien\State</Filter>
    </ClInclude>
    <ClInclude Include="..\source\State\StateManager.hpp">
      <Filter>Headerdateien\State</Filter>
    </ClInclude>
    <ClInclude Include="..\source\GUI\VirtualWindow.hpp">
      <Filter>Headerdateien\GUI</Filter>
    </ClInclude>
    <ClInclude Include="..\source\Resources\ResourceManager.hpp">
      <Filter>Headerdateien\Resources</Filter>
    </ClInclude>
  </ItemGroup>
</Project>